
Microsoft Visual Studio Solution File, Format Version 12.00
# Visual Studio Version 17
VisualStudioVersion = 17.8.34330.188
MinimumVisualStudioVersion = 10.0.40219.1
Project("{FAE04EC0-301F-11D3-BF4B-00C04F79EFBC}") = "Super Adventure", "Super Adventure\Super Adventure.csproj", "{076C1749-C887-4963-AFAB-361458B2DC0B}"
EndProject
Project("{FAE04EC0-301F-11D3-BF4B-00C04F79EFBC}") = "Engine", "Engine\Engine.csproj", "{B6B1F43E-0263-4E97-9988-6FC40AED5933}"
EndProject
Project("{FAE04EC0-301F-11D3-BF4B-00C04F79EFBC}") = "TestEngine", "TestEngine\TestEngine.csproj", "{C5E8F3A5-ED2E-486C-968C-3F652E2C0080}"
EndProject
Project("{2150E333-8FDC-42A3-9474-1A3956D46DE8}") = "Docs", "Docs", "{016E8992-17FD-4B37-A2B0-45A6B747BD43}"
	ProjectSection(SolutionItems) = preProject
		LicensesConsumed.md = LicensesConsumed.md
	EndProjectSection
EndProject
Global
	GlobalSection(SolutionConfigurationPlatforms) = preSolution
		Debug|Any CPU = Debug|Any CPU
		Release|Any CPU = Release|Any CPU
	EndGlobalSection
	GlobalSection(ProjectConfigurationPlatforms) = postSolution
		{076C1749-C887-4963-AFAB-361458B2DC0B}.Debug|Any CPU.ActiveCfg = Debug|Any CPU
		{076C1749-C887-4963-AFAB-361458B2DC0B}.Debug|Any CPU.Build.0 = Debug|Any CPU
		{076C1749-C887-4963-AFAB-361458B2DC0B}.Release|Any CPU.ActiveCfg = Release|Any CPU
		{076C1749-C887-4963-AFAB-361458B2DC0B}.Release|Any CPU.Build.0 = Release|Any CPU
		{B6B1F43E-0263-4E97-9988-6FC40AED5933}.Debug|Any CPU.ActiveCfg = Debug|Any CPU
		{B6B1F43E-0263-4E97-9988-6FC40AED5933}.Debug|Any CPU.Build.0 = Debug|Any CPU
		{B6B1F43E-0263-4E97-9988-6FC40AED5933}.Release|Any CPU.ActiveCfg = Release|Any CPU
		{B6B1F43E-0263-4E97-9988-6FC40AED5933}.Release|Any CPU.Build.0 = Release|Any CPU
		{C5E8F3A5-ED2E-486C-968C-3F652E2C0080}.Debug|Any CPU.ActiveCfg = Debug|Any CPU
		{C5E8F3A5-ED2E-486C-968C-3F652E2C0080}.Debug|Any CPU.Build.0 = Debug|Any CPU
		{C5E8F3A5-ED2E-486C-968C-3F652E2C0080}.Release|Any CPU.ActiveCfg = Release|Any CPU
		{C5E8F3A5-ED2E-486C-968C-3F652E2C0080}.Release|Any CPU.Build.0 = Release|Any CPU
	EndGlobalSection
	GlobalSection(SolutionProperties) = preSolution
		HideSolutionNode = FALSE
	EndGlobalSection
	GlobalSection(ExtensibilityGlobals) = postSolution
		SolutionGuid = {6E93FC51-9917-4AFD-AE79-DE3AF047CD78}
	EndGlobalSection
EndGlobal
